<?xml version="1.0" encoding="utf-8"?>
<Project ToolsVersion="4.0" xmlns="http://schemas.microsoft.com/developer/msbuild/2003">
  <ItemGroup>
    <ClCompile Include="Main.cpp" />
  </ItemGroup>
  <ItemGroup>
    <Filter Include="PKB">
      <UniqueIdentifier>{dce71cf2-37ed-4266-98e2-199735ec83d8}</UniqueIdentifier>
    </Filter>
    <Filter Include="PQL">
      <UniqueIdentifier>{78d57037-2fb3-4917-ae09-a1e81e0d0b1f}</UniqueIdentifier>
    </Filter>
    <Filter Include="PQL\Header">
      <UniqueIdentifier>{dd21bf80-f2db-482a-80a0-87a24d88e7bd}</UniqueIdentifier>
    </Filter>
    <Filter Include="PKB\Header">
      <UniqueIdentifier>{1f10b745-cdd1-4dff-b2c4-ac63d63117cc}</UniqueIdentifier>
    </Filter>
  </ItemGroup>
</Project>