
Microsoft Visual Studio Solution File, Format Version 11.00
# Visual Studio 2010
Project("{8BC9CEB8-8B4A-11D0-8D11-00A0C91BC942}") = "SPA", "SPA\SPA.vcxproj", "{DF9141DB-C1DB-4649-81BD-D410BFD62F4B}"
EndProject
Project("{2150E333-8FDC-42A3-9474-1A3956D46DE8}") = "Solution Items", "Solution Items", "{7FBDCCF3-3701-4C2A-88E1-B71B3C896F5C}"
EndProject
Project("{8BC9CEB8-8B4A-11D0-8D11-00A0C91BC942}") = "TestSPA", "TestSPA\TestSPA.vcxproj", "{35B4446A-3E5F-47BD-8C56-D4B601FD63F6}"
EndProject
Project("{8BC9CEB8-8B4A-11D0-8D11-00A0C91BC942}") = "AutoTesterInUse", "Autotester\AutoTesterInUse.vcxproj", "{30DABD85-016F-4423-9553-55D51918FE95}"
EndProject
Global
	GlobalSection(TestCaseManagementSettings) = postSolution
		CategoryFile = SPA.vsmdi
	EndGlobalSection
	GlobalSection(SolutionConfigurationPlatforms) = preSolution
		Debug|Win32 = Debug|Win32
		Release|Win32 = Release|Win32
	EndGlobalSection
	GlobalSection(ProjectConfigurationPlatforms) = postSolution
		{DF9141DB-C1DB-4649-81BD-D410BFD62F4B}.Debug|Win32.ActiveCfg = Debug|Win32
		{DF9141DB-C1DB-4649-81BD-D410BFD62F4B}.Debug|Win32.Build.0 = Debug|Win32
		{DF9141DB-C1DB-4649-81BD-D410BFD62F4B}.Release|Win32.ActiveCfg = Release|Win32
		{DF9141DB-C1DB-4649-81BD-D410BFD62F4B}.Release|Win32.Build.0 = Release|Win32
		{35B4446A-3E5F-47BD-8C56-D4B601FD63F6}.Debug|Win32.ActiveCfg = Debug|Win32
		{35B4446A-3E5F-47BD-8C56-D4B601FD63F6}.Debug|Win32.Build.0 = Debug|Win32
		{35B4446A-3E5F-47BD-8C56-D4B601FD63F6}.Release|Win32.ActiveCfg = Release|Win32
		{35B4446A-3E5F-47BD-8C56-D4B601FD63F6}.Release|Win32.Build.0 = Release|Win32
		{30DABD85-016F-4423-9553-55D51918FE95}.Debug|Win32.ActiveCfg = Debug|Win32
		{30DABD85-016F-4423-9553-55D51918FE95}.Debug|Win32.Build.0 = Debug|Win32
		{30DABD85-016F-4423-9553-55D51918FE95}.Release|Win32.ActiveCfg = Release|Win32
		{30DABD85-016F-4423-9553-55D51918FE95}.Release|Win32.Build.0 = Release|Win32
	EndGlobalSection
	GlobalSection(SolutionProperties) = preSolution
		HideSolutionNode = FALSE
	EndGlobalSection
EndGlobal
